
Microsoft Visual Studio Solution File, Format Version 12.00
# Visual Studio 2012
# SharpDevelop 5.1
VisualStudioVersion = 15.0.28010.2003
MinimumVisualStudioVersion = 10.0.40219.1
Project("{FAE04EC0-301F-11D3-BF4B-00C04F79EFBC}") = "Hecatomb", "Game1\Hecatomb.csproj", "{F2602397-F701-46BE-8F94-96480ED7D3A8}"
EndProject
Global
	GlobalSection(SolutionConfigurationPlatforms) = preSolution
		Debug|x86 = Debug|x86
		Release|x86 = Release|x86
	EndGlobalSection
	GlobalSection(ProjectConfigurationPlatforms) = postSolution
		{F2602397-F701-46BE-8F94-96480ED7D3A8}.Debug|x86.ActiveCfg = Debug|x86
		{F2602397-F701-46BE-8F94-96480ED7D3A8}.Debug|x86.Build.0 = Debug|x86
		{F2602397-F701-46BE-8F94-96480ED7D3A8}.Release|x86.ActiveCfg = Release|x86
		{F2602397-F701-46BE-8F94-96480ED7D3A8}.Release|x86.Build.0 = Release|x86
	EndGlobalSection
	GlobalSection(SolutionProperties) = preSolution
		HideSolutionNode = FALSE
	EndGlobalSection
	GlobalSection(ExtensibilityGlobals) = postSolution
		SolutionGuid = {948EB77A-48C2-4A60-82CF-1F07BB3BFFF6}
	EndGlobalSection
EndGlobal
